
Microsoft Visual Studio Solution File, Format Version 12.00
# Visual Studio Version 17
VisualStudioVersion = 17.3.32825.248
MinimumVisualStudioVersion = 10.0.40219.1
Project("{8BC9CEB8-8B4A-11D0-8D11-00A0C91BC942}") = "SnakeEntt", "SnakeEntt.vcxproj", "{ACDE5F74-A96A-45A0-B5F4-984A427DCFFF}"
EndProject
Global
	GlobalSection(SolutionConfigurationPlatforms) = preSolution
		Debug|x64 = Debug|x64
		Debug|x86 = Debug|x86
		Release|x64 = Release|x64
		Release|x86 = Release|x86
	EndGlobalSection
	GlobalSection(ProjectConfigurationPlatforms) = postSolution
		{ACDE5F74-A96A-45A0-B5F4-984A427DCFFF}.Debug|x64.ActiveCfg = Debug|x64
		{ACDE5F74-A96A-45A0-B5F4-984A427DCFFF}.Debug|x64.Build.0 = Debug|x64
		{ACDE5F74-A96A-45A0-B5F4-984A427DCFFF}.Debug|x86.ActiveCfg = Debug|Win32
		{ACDE5F74-A96A-45A0-B5F4-984A427DCFFF}.Debug|x86.Build.0 = Debug|Win32
		{ACDE5F74-A96A-45A0-B5F4-984A427DCFFF}.Release|x64.ActiveCfg = Release|x64
		{ACDE5F74-A96A-45A0-B5F4-984A427DCFFF}.Release|x64.Build.0 = Release|x64
		{ACDE5F74-A96A-45A0-B5F4-984A427DCFFF}.Release|x86.ActiveCfg = Release|Win32
		{ACDE5F74-A96A-45A0-B5F4-984A427DCFFF}.Release|x86.Build.0 = Release|Win32
	EndGlobalSection
	GlobalSection(SolutionProperties) = preSolution
		HideSolutionNode = FALSE
	EndGlobalSection
	GlobalSection(ExtensibilityGlobals) = postSolution
		SolutionGuid = {B6D7E469-3388-45B1-A72D-2FC7D13314D3}
	EndGlobalSection
EndGlobal
