<?xml version="1.0" encoding="utf-8"?>
<Project ToolsVersion="4.0" xmlns="http://schemas.microsoft.com/developer/msbuild/2003">
  <ItemGroup>
    <Filter Include="Source Files">
      <UniqueIdentifier>{4FC737F1-C7A5-4376-A066-2A32D752A2FF}</UniqueIdentifier>
      <Extensions>cpp;c;cc;cxx;c++;cppm;ixx;def;odl;idl;hpj;bat;asm;asmx</Extensions>
    </Filter>
    <Filter Include="Header Files">
      <UniqueIdentifier>{93995380-89BD-4b04-88EB-625FBE52EBFB}</UniqueIdentifier>
      <Extensions>h;hh;hpp;hxx;h++;hm;inl;inc;ipp;xsd</Extensions>
    </Filter>
    <Filter Include="Resource Files">
      <UniqueIdentifier>{67DA6AB6-F800-4c08-8B7A-83BB121AAD01}</UniqueIdentifier>
      <Extensions>rc;ico;cur;bmp;dlg;rc2;rct;bin;rgs;gif;jpg;jpeg;jpe;resx;tiff;tif;png;wav;mfcribbon-ms</Extensions>
    </Filter>
    <Filter Include="Header Files\components">
      <UniqueIdentifier>{4c362371-6754-446c-8f80-469dc46e3967}</UniqueIdentifier>
    </Filter>
    <Filter Include="Source Files\components">
      <UniqueIdentifier>{67e39adf-8d13-47cc-a167-db83a5b02e95}</UniqueIdentifier>
    </Filter>
    <Filter Include="Header Files\systems">
      <UniqueIdentifier>{ca0b14c1-e75a-4922-b5d2-249e663f66d1}</UniqueIdentifier>
    </Filter>
    <Filter Include="Source Files\systems">
      <UniqueIdentifier>{d4e0c9a5-006b-4f23-bf78-0ffeb2788432}</UniqueIdentifier>
    </Filter>
    <Filter Include="Header Files\events">
      <UniqueIdentifier>{563abdeb-31fe-4a90-a617-18f75466e48f}</UniqueIdentifier>
    </Filter>
  </ItemGroup>
  <ItemGroup>
    <ClCompile Include="main.cpp">
      <Filter>Source Files</Filter>
    </ClCompile>
    <ClCompile Include="window.cpp">
      <Filter>Source Files</Filter>
    </ClCompile>
    <ClCompile Include="game.cpp">
      <Filter>Source Files</Filter>
    </ClCompile>
    <ClCompile Include="apple.cpp">
      <Filter>Source Files\components</Filter>
    </ClCompile>
    <ClCompile Include="render_system.cpp">
      <Filter>Source Files\systems</Filter>
    </ClCompile>
    <ClCompile Include="position.cpp">
      <Filter>Source Files\components</Filter>
    </ClCompile>
    <ClCompile Include="velocity.cpp">
      <Filter>Source Files\components</Filter>
    </ClCompile>
    <ClCompile Include="snake.cpp">
      <Filter>Source Files\components</Filter>
    </ClCompile>
    <ClCompile Include="move_system.cpp">
      <Filter>Source Files\systems</Filter>
    </ClCompile>
    <ClCompile Include="border.cpp">
      <Filter>Source Files\components</Filter>
    </ClCompile>
    <ClCompile Include="collision_system.cpp">
      <Filter>Source Files\systems</Filter>
    </ClCompile>
    <ClCompile Include="user_interface_system.cpp">
      <Filter>Source Files\systems</Filter>
    </ClCompile>
  </ItemGroup>
  <ItemGroup>
    <ClInclude Include="window.h">
      <Filter>Header Files</Filter>
    </ClInclude>
    <ClInclude Include="game.h">
      <Filter>Header Files</Filter>
    </ClInclude>
    <ClInclude Include="apple.h">
      <Filter>Header Files\components</Filter>
    </ClInclude>
    <ClInclude Include="render_system.h">
      <Filter>Header Files\systems</Filter>
    </ClInclude>
    <ClInclude Include="position.h">
      <Filter>Header Files\components</Filter>
    </ClInclude>
    <ClInclude Include="velocity.h">
      <Filter>Header Files\components</Filter>
    </ClInclude>
    <ClInclude Include="snake.h">
      <Filter>Header Files\components</Filter>
    </ClInclude>
    <ClInclude Include="move_system.h">
      <Filter>Header Files\systems</Filter>
    </ClInclude>
    <ClInclude Include="key_pressed_event.h">
      <Filter>Header Files\events</Filter>
    </ClInclude>
    <ClInclude Include="border.h">
      <Filter>Header Files\components</Filter>
    </ClInclude>
    <ClInclude Include="collision_system.h">
      <Filter>Header Files\systems</Filter>
    </ClInclude>
    <ClInclude Include="snake_hit_wall_event.h">
      <Filter>Header Files\events</Filter>
    </ClInclude>
    <ClInclude Include="snake_ate_apple_event.h">
      <Filter>Header Files\events</Filter>
    </ClInclude>
    <ClInclude Include="snake_hit_self_event.h">
      <Filter>Header Files\events</Filter>
    </ClInclude>
    <ClInclude Include="user_interface_system.h">
      <Filter>Header Files\systems</Filter>
    </ClInclude>
    <ClInclude Include="message_event.h">
      <Filter>Header Files\events</Filter>
    </ClInclude>
  </ItemGroup>
</Project>